Microsoft Visual Studio Solution File, Format Version 12.00
# Visual Studio Version 17
VisualStudioVersion = 17.5.2.0
MinimumVisualStudioVersion = 10.0.40219.1
Project("{FAE04EC0-301F-11D3-BF4B-00C04F79EFBC}") = "copilot-fnapp-containerisation", "copilot-fnapp-containerisation.csproj", "{DB11D073-CDDA-D8F2-F933-00F773F9F061}"
EndProject
Global
	GlobalSection(SolutionConfigurationPlatforms) = preSolution
		Debug|Any CPU = Debug|Any CPU
		Release|Any CPU = Release|Any CPU
	EndGlobalSection
	GlobalSection(ProjectConfigurationPlatforms) = postSolution
		{DB11D073-CDDA-D8F2-F933-00F773F9F061}.Debug|Any CPU.ActiveCfg = Debug|Any CPU
		{DB11D073-CDDA-D8F2-F933-00F773F9F061}.Debug|Any CPU.Build.0 = Debug|Any CPU
		{DB11D073-CDDA-D8F2-F933-00F773F9F061}.Release|Any CPU.ActiveCfg = Release|Any CPU
		{DB11D073-CDDA-D8F2-F933-00F773F9F061}.Release|Any CPU.Build.0 = Release|Any CPU
	EndGlobalSection
	GlobalSection(SolutionProperties) = preSolution
		HideSolutionNode = FALSE
	EndGlobalSection
	GlobalSection(ExtensibilityGlobals) = postSolution
		SolutionGuid = {1714065D-4F2B-4DFE-B48B-997ABDD4BDC1}
	EndGlobalSection
EndGlobal
